
Microsoft Visual Studio Solution File, Format Version 12.00
# Visual Studio 2012
Project("{FAE04EC0-301F-11D3-BF4B-00C04F79EFBC}") = "swipetest", "swipetest\swipetest.csproj", "{B59DA210-3C2E-411B-B84B-9C0BEE9CF6C3}"
EndProject
Global
	GlobalSection(SolutionConfigurationPlatforms) = preSolution
		Debug|iPhoneSimulator = Debug|iPhoneSimulator
		Release|iPhoneSimulator = Release|iPhoneSimulator
		Debug|iPhone = Debug|iPhone
		Release|iPhone = Release|iPhone
		Ad-Hoc|iPhone = Ad-Hoc|iPhone
		AppStore|iPhone = AppStore|iPhone
	EndGlobalSection
	GlobalSection(ProjectConfigurationPlatforms) = postSolution
		{DC0DB252-EE86-4BEC-8BE2-59B7862179B9}.Ad-Hoc|iPhone.ActiveCfg = Release|Any CPU
		{DC0DB252-EE86-4BEC-8BE2-59B7862179B9}.Ad-Hoc|iPhone.Build.0 = Release|Any CPU
		{DC0DB252-EE86-4BEC-8BE2-59B7862179B9}.AppStore|iPhone.ActiveCfg = Release|Any CPU
		{DC0DB252-EE86-4BEC-8BE2-59B7862179B9}.AppStore|iPhone.Build.0 = Release|Any CPU
		{DC0DB252-EE86-4BEC-8BE2-59B7862179B9}.Debug|iPhone.ActiveCfg = Debug|Any CPU
		{DC0DB252-EE86-4BEC-8BE2-59B7862179B9}.Debug|iPhone.Build.0 = Debug|Any CPU
		{DC0DB252-EE86-4BEC-8BE2-59B7862179B9}.Debug|iPhoneSimulator.ActiveCfg = Debug|Any CPU
		{DC0DB252-EE86-4BEC-8BE2-59B7862179B9}.Debug|iPhoneSimulator.Build.0 = Debug|Any CPU
		{DC0DB252-EE86-4BEC-8BE2-59B7862179B9}.Release|iPhone.ActiveCfg = Release|Any CPU
		{DC0DB252-EE86-4BEC-8BE2-59B7862179B9}.Release|iPhone.Build.0 = Release|Any CPU
		{DC0DB252-EE86-4BEC-8BE2-59B7862179B9}.Release|iPhoneSimulator.ActiveCfg = Release|Any CPU
		{DC0DB252-EE86-4BEC-8BE2-59B7862179B9}.Release|iPhoneSimulator.Build.0 = Release|Any CPU
		{B59DA210-3C2E-411B-B84B-9C0BEE9CF6C3}.Debug|iPhoneSimulator.ActiveCfg = Debug|iPhoneSimulator
		{B59DA210-3C2E-411B-B84B-9C0BEE9CF6C3}.Debug|iPhoneSimulator.Build.0 = Debug|iPhoneSimulator
		{B59DA210-3C2E-411B-B84B-9C0BEE9CF6C3}.Release|iPhoneSimulator.ActiveCfg = Release|iPhoneSimulator
		{B59DA210-3C2E-411B-B84B-9C0BEE9CF6C3}.Release|iPhoneSimulator.Build.0 = Release|iPhoneSimulator
		{B59DA210-3C2E-411B-B84B-9C0BEE9CF6C3}.Debug|iPhone.ActiveCfg = Debug|iPhone
		{B59DA210-3C2E-411B-B84B-9C0BEE9CF6C3}.Debug|iPhone.Build.0 = Debug|iPhone
		{B59DA210-3C2E-411B-B84B-9C0BEE9CF6C3}.Release|iPhone.ActiveCfg = Release|iPhone
		{B59DA210-3C2E-411B-B84B-9C0BEE9CF6C3}.Release|iPhone.Build.0 = Release|iPhone
		{B59DA210-3C2E-411B-B84B-9C0BEE9CF6C3}.Ad-Hoc|iPhone.ActiveCfg = Release|iPhone
		{B59DA210-3C2E-411B-B84B-9C0BEE9CF6C3}.Ad-Hoc|iPhone.Build.0 = Release|iPhone
		{B59DA210-3C2E-411B-B84B-9C0BEE9CF6C3}.AppStore|iPhone.ActiveCfg = Release|iPhone
		{B59DA210-3C2E-411B-B84B-9C0BEE9CF6C3}.AppStore|iPhone.Build.0 = Release|iPhone
	EndGlobalSection
	GlobalSection(MonoDevelopProperties) = preSolution
		Policies = $0
		$0.DotNetNamingPolicy = $1
		version = 1.1
	EndGlobalSection
EndGlobal
